
Microsoft Visual Studio Solution File, Format Version 12.00
# Visual Studio Version 17
VisualStudioVersion = 17.13.35818.85 d17.13
MinimumVisualStudioVersion = 10.0.40219.1
Project("{FAE04EC0-301F-11D3-BF4B-00C04F79EFBC}") = "modul8_103022300109", "modul8_103022300109.csproj", "{58159B28-476F-4BAB-A537-DB3109400E6A}"
EndProject
Global
	GlobalSection(SolutionConfigurationPlatforms) = preSolution
		Debug|Any CPU = Debug|Any CPU
		Release|Any CPU = Release|Any CPU
	EndGlobalSection
	GlobalSection(ProjectConfigurationPlatforms) = postSolution
		{58159B28-476F-4BAB-A537-DB3109400E6A}.Debug|Any CPU.ActiveCfg = Debug|Any CPU
		{58159B28-476F-4BAB-A537-DB3109400E6A}.Debug|Any CPU.Build.0 = Debug|Any CPU
		{58159B28-476F-4BAB-A537-DB3109400E6A}.Release|Any CPU.ActiveCfg = Release|Any CPU
		{58159B28-476F-4BAB-A537-DB3109400E6A}.Release|Any CPU.Build.0 = Release|Any CPU
	EndGlobalSection
	GlobalSection(SolutionProperties) = preSolution
		HideSolutionNode = FALSE
	EndGlobalSection
	GlobalSection(ExtensibilityGlobals) = postSolution
		SolutionGuid = {BD800AB0-DDF8-4DD1-AF7E-1DE5D3A752E2}
	EndGlobalSection
EndGlobal
